
Microsoft Visual Studio Solution File, Format Version 12.00
# Visual Studio Version 16
VisualStudioVersion = 16.0.29926.136
MinimumVisualStudioVersion = 10.0.40219.1
Project("{FAE04EC0-301F-11D3-BF4B-00C04F79EFBC}") = "SuccessFactorsService", "SuccessFactosService\SuccessFactorsService.csproj", "{20005433-A8FA-400A-A3B2-59F0E7CB27CE}"
EndProject
Project("{2150E333-8FDC-42A3-9474-1A3956D46DE8}") = "01- Presentations", "01- Presentations", "{27A5DDAB-C16E-4877-9087-0F9A436D4599}"
EndProject
Project("{2150E333-8FDC-42A3-9474-1A3956D46DE8}") = "02 - Gateways", "02 - Gateways", "{A3868F7A-1393-4122-ABEC-F3AF0B61E7EA}"
EndProject
Project("{2150E333-8FDC-42A3-9474-1A3956D46DE8}") = "03 - Services", "03 - Services", "{4F8F44FC-3E3E-44D6-902C-678F9A2D00EE}"
EndProject
Project("{FAE04EC0-301F-11D3-BF4B-00C04F79EFBC}") = "SimilarityService", "SimilarityService\SimilarityService.csproj", "{6A164CDD-1FF9-4479-9684-E92E5A74D6B3}"
EndProject
Project("{2150E333-8FDC-42A3-9474-1A3956D46DE8}") = "01 - Similarity", "01 - Similarity", "{A70E8C79-1A7B-4CF9-BCD3-4183F9EFFB09}"
EndProject
Project("{2150E333-8FDC-42A3-9474-1A3956D46DE8}") = "02 - SuccessFactors", "02 - SuccessFactors", "{2F3A0623-6253-4012-9763-5744067B9DBC}"
EndProject
Project("{FAE04EC0-301F-11D3-BF4B-00C04F79EFBC}") = "SimilarityBLL", "SimilarityBLL\SimilarityBLL.csproj", "{FDFD059A-30F7-40B4-B504-70CD42B5B06D}"
EndProject
Project("{FAE04EC0-301F-11D3-BF4B-00C04F79EFBC}") = "SimilarityDAL", "DAL\SimilarityDAL.csproj", "{C084688B-E6E7-4688-96EC-C0D915C9EA4B}"
EndProject
Project("{FAE04EC0-301F-11D3-BF4B-00C04F79EFBC}") = "SuccessFactorsBLL", "SuccessFactorsBLL\SuccessFactorsBLL.csproj", "{0825E6E8-0F7F-4A71-84EF-10433DCF6067}"
EndProject
Project("{FAE04EC0-301F-11D3-BF4B-00C04F79EFBC}") = "SuccessFactorsDAL", "SuccessFactorsDAL\SuccessFactorsDAL.csproj", "{0D9D1C94-7CC6-4189-8D6D-EEA0CC9F102E}"
EndProject
Project("{E53339B2-1760-4266-BCC7-CA923CBCF16C}") = "docker-compose", "docker-compose.dcproj", "{7B20A373-5CC8-4381-AABD-5ADE620A1F1F}"
EndProject
Global
	GlobalSection(SolutionConfigurationPlatforms) = preSolution
		Debug|Any CPU = Debug|Any CPU
		Release|Any CPU = Release|Any CPU
	EndGlobalSection
	GlobalSection(ProjectConfigurationPlatforms) = postSolution
		{20005433-A8FA-400A-A3B2-59F0E7CB27CE}.Debug|Any CPU.ActiveCfg = Debug|Any CPU
		{20005433-A8FA-400A-A3B2-59F0E7CB27CE}.Debug|Any CPU.Build.0 = Debug|Any CPU
		{20005433-A8FA-400A-A3B2-59F0E7CB27CE}.Release|Any CPU.ActiveCfg = Release|Any CPU
		{20005433-A8FA-400A-A3B2-59F0E7CB27CE}.Release|Any CPU.Build.0 = Release|Any CPU
		{6A164CDD-1FF9-4479-9684-E92E5A74D6B3}.Debug|Any CPU.ActiveCfg = Debug|Any CPU
		{6A164CDD-1FF9-4479-9684-E92E5A74D6B3}.Debug|Any CPU.Build.0 = Debug|Any CPU
		{6A164CDD-1FF9-4479-9684-E92E5A74D6B3}.Release|Any CPU.ActiveCfg = Release|Any CPU
		{6A164CDD-1FF9-4479-9684-E92E5A74D6B3}.Release|Any CPU.Build.0 = Release|Any CPU
		{FDFD059A-30F7-40B4-B504-70CD42B5B06D}.Debug|Any CPU.ActiveCfg = Debug|Any CPU
		{FDFD059A-30F7-40B4-B504-70CD42B5B06D}.Debug|Any CPU.Build.0 = Debug|Any CPU
		{FDFD059A-30F7-40B4-B504-70CD42B5B06D}.Release|Any CPU.ActiveCfg = Release|Any CPU
		{FDFD059A-30F7-40B4-B504-70CD42B5B06D}.Release|Any CPU.Build.0 = Release|Any CPU
		{C084688B-E6E7-4688-96EC-C0D915C9EA4B}.Debug|Any CPU.ActiveCfg = Debug|Any CPU
		{C084688B-E6E7-4688-96EC-C0D915C9EA4B}.Debug|Any CPU.Build.0 = Debug|Any CPU
		{C084688B-E6E7-4688-96EC-C0D915C9EA4B}.Release|Any CPU.ActiveCfg = Release|Any CPU
		{C084688B-E6E7-4688-96EC-C0D915C9EA4B}.Release|Any CPU.Build.0 = Release|Any CPU
		{0825E6E8-0F7F-4A71-84EF-10433DCF6067}.Debug|Any CPU.ActiveCfg = Debug|Any CPU
		{0825E6E8-0F7F-4A71-84EF-10433DCF6067}.Debug|Any CPU.Build.0 = Debug|Any CPU
		{0825E6E8-0F7F-4A71-84EF-10433DCF6067}.Release|Any CPU.ActiveCfg = Release|Any CPU
		{0825E6E8-0F7F-4A71-84EF-10433DCF6067}.Release|Any CPU.Build.0 = Release|Any CPU
		{0D9D1C94-7CC6-4189-8D6D-EEA0CC9F102E}.Debug|Any CPU.ActiveCfg = Debug|Any CPU
		{0D9D1C94-7CC6-4189-8D6D-EEA0CC9F102E}.Debug|Any CPU.Build.0 = Debug|Any CPU
		{0D9D1C94-7CC6-4189-8D6D-EEA0CC9F102E}.Release|Any CPU.ActiveCfg = Release|Any CPU
		{0D9D1C94-7CC6-4189-8D6D-EEA0CC9F102E}.Release|Any CPU.Build.0 = Release|Any CPU
		{7B20A373-5CC8-4381-AABD-5ADE620A1F1F}.Debug|Any CPU.ActiveCfg = Debug|Any CPU
		{7B20A373-5CC8-4381-AABD-5ADE620A1F1F}.Debug|Any CPU.Build.0 = Debug|Any CPU
		{7B20A373-5CC8-4381-AABD-5ADE620A1F1F}.Release|Any CPU.ActiveCfg = Release|Any CPU
		{7B20A373-5CC8-4381-AABD-5ADE620A1F1F}.Release|Any CPU.Build.0 = Release|Any CPU
	EndGlobalSection
	GlobalSection(SolutionProperties) = preSolution
		HideSolutionNode = FALSE
	EndGlobalSection
	GlobalSection(NestedProjects) = preSolution
		{20005433-A8FA-400A-A3B2-59F0E7CB27CE} = {2F3A0623-6253-4012-9763-5744067B9DBC}
		{6A164CDD-1FF9-4479-9684-E92E5A74D6B3} = {A70E8C79-1A7B-4CF9-BCD3-4183F9EFFB09}
		{A70E8C79-1A7B-4CF9-BCD3-4183F9EFFB09} = {4F8F44FC-3E3E-44D6-902C-678F9A2D00EE}
		{2F3A0623-6253-4012-9763-5744067B9DBC} = {4F8F44FC-3E3E-44D6-902C-678F9A2D00EE}
		{FDFD059A-30F7-40B4-B504-70CD42B5B06D} = {A70E8C79-1A7B-4CF9-BCD3-4183F9EFFB09}
		{C084688B-E6E7-4688-96EC-C0D915C9EA4B} = {A70E8C79-1A7B-4CF9-BCD3-4183F9EFFB09}
		{0825E6E8-0F7F-4A71-84EF-10433DCF6067} = {2F3A0623-6253-4012-9763-5744067B9DBC}
		{0D9D1C94-7CC6-4189-8D6D-EEA0CC9F102E} = {2F3A0623-6253-4012-9763-5744067B9DBC}
		{7B20A373-5CC8-4381-AABD-5ADE620A1F1F} = {4F8F44FC-3E3E-44D6-902C-678F9A2D00EE}
	EndGlobalSection
	GlobalSection(ExtensibilityGlobals) = postSolution
		SolutionGuid = {8B5EDB6A-A798-4511-BFC7-883E633ABC8D}
	EndGlobalSection
EndGlobal
